
Microsoft Visual Studio Solution File, Format Version 12.00
Project("{FAE04EC0-301F-11D3-BF4B-00C04F79EFBC}") = "Shapes", "Shapes\Shapes.csproj", "{2BB2ED72-9A45-4FBB-8CB2-37DA542AE339}"
EndProject
Project("{FAE04EC0-301F-11D3-BF4B-00C04F79EFBC}") = "Shapes.Tests", "Shapes.Tests\Shapes.Tests.csproj", "{63E2F524-7EA4-4D54-AEA2-3CC5C8A9AA06}"
EndProject
Project("{FAE04EC0-301F-11D3-BF4B-00C04F79EFBC}") = "Application", "Application\Application.csproj", "{28CA72A0-7354-4E5F-A081-594F787B6B4E}"
EndProject
Global
	GlobalSection(SolutionConfigurationPlatforms) = preSolution
		Debug|Any CPU = Debug|Any CPU
		Release|Any CPU = Release|Any CPU
	EndGlobalSection
	GlobalSection(ProjectConfigurationPlatforms) = postSolution
		{2BB2ED72-9A45-4FBB-8CB2-37DA542AE339}.Debug|Any CPU.ActiveCfg = Debug|Any CPU
		{2BB2ED72-9A45-4FBB-8CB2-37DA542AE339}.Debug|Any CPU.Build.0 = Debug|Any CPU
		{2BB2ED72-9A45-4FBB-8CB2-37DA542AE339}.Release|Any CPU.ActiveCfg = Release|Any CPU
		{2BB2ED72-9A45-4FBB-8CB2-37DA542AE339}.Release|Any CPU.Build.0 = Release|Any CPU
		{63E2F524-7EA4-4D54-AEA2-3CC5C8A9AA06}.Debug|Any CPU.ActiveCfg = Debug|Any CPU
		{63E2F524-7EA4-4D54-AEA2-3CC5C8A9AA06}.Debug|Any CPU.Build.0 = Debug|Any CPU
		{63E2F524-7EA4-4D54-AEA2-3CC5C8A9AA06}.Release|Any CPU.ActiveCfg = Release|Any CPU
		{63E2F524-7EA4-4D54-AEA2-3CC5C8A9AA06}.Release|Any CPU.Build.0 = Release|Any CPU
		{28CA72A0-7354-4E5F-A081-594F787B6B4E}.Debug|Any CPU.ActiveCfg = Debug|Any CPU
		{28CA72A0-7354-4E5F-A081-594F787B6B4E}.Debug|Any CPU.Build.0 = Debug|Any CPU
		{28CA72A0-7354-4E5F-A081-594F787B6B4E}.Release|Any CPU.ActiveCfg = Release|Any CPU
		{28CA72A0-7354-4E5F-A081-594F787B6B4E}.Release|Any CPU.Build.0 = Release|Any CPU
	EndGlobalSection
EndGlobal
